
Microsoft Visual Studio Solution File, Format Version 11.00
# Visual Studio 2010
Project("{FAE04EC0-301F-11D3-BF4B-00C04F79EFBC}") = "Data_Structures", "Data_Structures\Data_Structures.csproj", "{6F211254-094C-4DDC-80A4-F9E693FC4FCE}"
EndProject
Global
	GlobalSection(SolutionConfigurationPlatforms) = preSolution
		Debug|x86 = Debug|x86
		Release|x86 = Release|x86
	EndGlobalSection
	GlobalSection(ProjectConfigurationPlatforms) = postSolution
		{6F211254-094C-4DDC-80A4-F9E693FC4FCE}.Debug|x86.ActiveCfg = Debug|x86
		{6F211254-094C-4DDC-80A4-F9E693FC4FCE}.Debug|x86.Build.0 = Debug|x86
		{6F211254-094C-4DDC-80A4-F9E693FC4FCE}.Release|x86.ActiveCfg = Release|x86
		{6F211254-094C-4DDC-80A4-F9E693FC4FCE}.Release|x86.Build.0 = Release|x86
	EndGlobalSection
	GlobalSection(SolutionProperties) = preSolution
		HideSolutionNode = FALSE
	EndGlobalSection
EndGlobal
